
Microsoft Visual Studio Solution File, Format Version 12.00
# Visual Studio Version 17
VisualStudioVersion = 17.4.33213.308
MinimumVisualStudioVersion = 10.0.40219.1
Project("{FAE04EC0-301F-11D3-BF4B-00C04F79EFBC}") = "WebApi", "WebApi\WebApi.csproj", "{FFCCD94D-AED4-4C7C-94D5-0CCCE0F0CDEC}"
EndProject
Global
	GlobalSection(SolutionConfigurationPlatforms) = preSolution
		Debug|Any CPU = Debug|Any CPU
		Release|Any CPU = Release|Any CPU
	EndGlobalSection
	GlobalSection(ProjectConfigurationPlatforms) = postSolution
		{FFCCD94D-AED4-4C7C-94D5-0CCCE0F0CDEC}.Debug|Any CPU.ActiveCfg = Debug|Any CPU
		{FFCCD94D-AED4-4C7C-94D5-0CCCE0F0CDEC}.Debug|Any CPU.Build.0 = Debug|Any CPU
		{FFCCD94D-AED4-4C7C-94D5-0CCCE0F0CDEC}.Release|Any CPU.ActiveCfg = Release|Any CPU
		{FFCCD94D-AED4-4C7C-94D5-0CCCE0F0CDEC}.Release|Any CPU.Build.0 = Release|Any CPU
	EndGlobalSection
	GlobalSection(SolutionProperties) = preSolution
		HideSolutionNode = FALSE
	EndGlobalSection
	GlobalSection(ExtensibilityGlobals) = postSolution
		SolutionGuid = {517ECD9E-6406-4B43-930A-EACE9AEC9340}
	EndGlobalSection
EndGlobal
