
Microsoft Visual Studio Solution File, Format Version 12.00
# Visual Studio Version 17
VisualStudioVersion = 17.4.33213.308
MinimumVisualStudioVersion = 10.0.40219.1
Project("{FAE04EC0-301F-11D3-BF4B-00C04F79EFBC}") = "Figures", "Figures\Figures.csproj", "{027A0507-094A-4AE2-8ECF-E5432A7DE8D4}"
EndProject
Project("{FAE04EC0-301F-11D3-BF4B-00C04F79EFBC}") = "SecondHomeworkTests", "SecondHomeworkTests\SecondHomeworkTests.csproj", "{835B9569-8CAE-4DBA-9F83-78E90DEA116A}"
EndProject
Global
	GlobalSection(SolutionConfigurationPlatforms) = preSolution
		Debug|Any CPU = Debug|Any CPU
		Release|Any CPU = Release|Any CPU
	EndGlobalSection
	GlobalSection(ProjectConfigurationPlatforms) = postSolution
		{027A0507-094A-4AE2-8ECF-E5432A7DE8D4}.Debug|Any CPU.ActiveCfg = Debug|Any CPU
		{027A0507-094A-4AE2-8ECF-E5432A7DE8D4}.Debug|Any CPU.Build.0 = Debug|Any CPU
		{027A0507-094A-4AE2-8ECF-E5432A7DE8D4}.Release|Any CPU.ActiveCfg = Release|Any CPU
		{027A0507-094A-4AE2-8ECF-E5432A7DE8D4}.Release|Any CPU.Build.0 = Release|Any CPU
		{835B9569-8CAE-4DBA-9F83-78E90DEA116A}.Debug|Any CPU.ActiveCfg = Debug|Any CPU
		{835B9569-8CAE-4DBA-9F83-78E90DEA116A}.Debug|Any CPU.Build.0 = Debug|Any CPU
		{835B9569-8CAE-4DBA-9F83-78E90DEA116A}.Release|Any CPU.ActiveCfg = Release|Any CPU
		{835B9569-8CAE-4DBA-9F83-78E90DEA116A}.Release|Any CPU.Build.0 = Release|Any CPU
	EndGlobalSection
	GlobalSection(SolutionProperties) = preSolution
		HideSolutionNode = FALSE
	EndGlobalSection
	GlobalSection(ExtensibilityGlobals) = postSolution
		SolutionGuid = {6B57ED2E-533E-4751-B35C-2DE59E2084B2}
	EndGlobalSection
EndGlobal
